// !$*UTF8*$!
{
	archiveVersion = 1;
	classes = {
	};
	objectVersion = 56;
	objects = {

/* Begin PBXBuildFile section */
		C0509AA64F88CB9497C297E7 /* Pods_List_Task.framework in Frameworks */ = {isa = PBXBuildFile; fileRef = 60AD8AE8B4EA3DC3BB9DE409 /* Pods_List_Task.framework */; };
		C226DFE82CF4B67700927856 /* TaskCell.swift in Sources */ = {isa = PBXBuildFile; fileRef = C226DFE72CF4B67700927856 /* TaskCell.swift */; };
		C262BC2F2CD654AA0046794A /* NameGroup+CoreDataProperties.swift in Sources */ = {isa = PBXBuildFile; fileRef = C262BC2D2CD654AA0046794A /* NameGroup+CoreDataProperties.swift */; };
		C262BC312CD8BED80046794A /* IconCollectionViewCell.swift in Sources */ = {isa = PBXBuildFile; fileRef = C262BC302CD8BED80046794A /* IconCollectionViewCell.swift */; };
		C262BC342CD915630046794A /* NotificationUtils.swift in Sources */ = {isa = PBXBuildFile; fileRef = C262BC332CD915630046794A /* NotificationUtils.swift */; };
		C262BC372CD926470046794A /* TaskViewController.swift in Sources */ = {isa = PBXBuildFile; fileRef = C262BC362CD926470046794A /* TaskViewController.swift */; };
		C262BC422CDD10F50046794A /* NewTaskViewController.swift in Sources */ = {isa = PBXBuildFile; fileRef = C262BC412CDD10F50046794A /* NewTaskViewController.swift */; };
		C262BC4E2CDF7B030046794A /* TaskList+CoreDataProperties.swift in Sources */ = {isa = PBXBuildFile; fileRef = C262BC4C2CDF7B030046794A /* TaskList+CoreDataProperties.swift */; };
		C2C6CF682CD3A6BA00954F4A /* AppDelegate.swift in Sources */ = {isa = PBXBuildFile; fileRef = C2C6CF672CD3A6BA00954F4A /* AppDelegate.swift */; };
		C2C6CF6A2CD3A6BA00954F4A /* SceneDelegate.swift in Sources */ = {isa = PBXBuildFile; fileRef = C2C6CF692CD3A6BA00954F4A /* SceneDelegate.swift */; };
		C2C6CF6C2CD3A6BA00954F4A /* MainViewController.swift in Sources */ = {isa = PBXBuildFile; fileRef = C2C6CF6B2CD3A6BA00954F4A /* MainViewController.swift */; };
		C2C6CF712CD3A6BF00954F4A /* Assets.xcassets in Resources */ = {isa = PBXBuildFile; fileRef = C2C6CF702CD3A6BF00954F4A /* Assets.xcassets */; };
		C2C6CF742CD3A6BF00954F4A /* LaunchScreen.storyboard in Resources */ = {isa = PBXBuildFile; fileRef = C2C6CF722CD3A6BF00954F4A /* LaunchScreen.storyboard */; };
		C2C6CF802CD3C1D300954F4A /* SettingViewController.swift in Sources */ = {isa = PBXBuildFile; fileRef = C2C6CF7F2CD3C1D300954F4A /* SettingViewController.swift */; };
		C2C6CF822CD3C77F00954F4A /* GroupCellCollection.swift in Sources */ = {isa = PBXBuildFile; fileRef = C2C6CF812CD3C77F00954F4A /* GroupCellCollection.swift */; };
		C2C6CF872CD4C50200954F4A /* NewGroupTaskViewController.swift in Sources */ = {isa = PBXBuildFile; fileRef = C2C6CF862CD4C50200954F4A /* NewGroupTaskViewController.swift */; };
		C2C6CF8D2CD4F1F900954F4A /* ListTask.xcdatamodeld in Sources */ = {isa = PBXBuildFile; fileRef = C2C6CF8B2CD4F1F900954F4A /* ListTask.xcdatamodeld */; };
		C2C6CF932CD61CA400954F4A /* PlaceholderCell.swift in Sources */ = {isa = PBXBuildFile; fileRef = C2C6CF922CD61CA300954F4A /* PlaceholderCell.swift */; };
		C2CB9FB52CF87F02006E7DB4 /* CoreDataManagerTaskList.swift in Sources */ = {isa = PBXBuildFile; fileRef = C2CB9FB42CF87F02006E7DB4 /* CoreDataManagerTaskList.swift */; };
		C2CB9FB72CF9D14C006E7DB4 /* MainView.swift in Sources */ = {isa = PBXBuildFile; fileRef = C2CB9FB62CF9D14C006E7DB4 /* MainView.swift */; };
		C2CB9FB92CF9DCEE006E7DB4 /* NewGroupView.swift in Sources */ = {isa = PBXBuildFile; fileRef = C2CB9FB82CF9DCEE006E7DB4 /* NewGroupView.swift */; };
		C2CB9FBB2CFA0395006E7DB4 /* TaskView.swift in Sources */ = {isa = PBXBuildFile; fileRef = C2CB9FBA2CFA0395006E7DB4 /* TaskView.swift */; };
		C2CB9FBD2CFA10F3006E7DB4 /* TaskDataProvider.swift in Sources */ = {isa = PBXBuildFile; fileRef = C2CB9FBC2CFA10F3006E7DB4 /* TaskDataProvider.swift */; };
		C2CB9FBF2CFAF7E2006E7DB4 /* MainViewProvider.swift in Sources */ = {isa = PBXBuildFile; fileRef = C2CB9FBE2CFAF7E2006E7DB4 /* MainViewProvider.swift */; };
		C2CB9FC42CFB1859006E7DB4 /* NewTaskView.swift in Sources */ = {isa = PBXBuildFile; fileRef = C2CB9FC32CFB1859006E7DB4 /* NewTaskView.swift */; };
		C2CB9FC92CFB2087006E7DB4 /* NewTaskProvider.swift in Sources */ = {isa = PBXBuildFile; fileRef = C2CB9FC82CFB2087006E7DB4 /* NewTaskProvider.swift */; };
		C2E2F8032CF0CCCE00260CE7 /* CoreDataManagerNameGroup.swift in Sources */ = {isa = PBXBuildFile; fileRef = C2E2F8022CF0CCCE00260CE7 /* CoreDataManagerNameGroup.swift */; };
/* End PBXBuildFile section */

/* Begin PBXFileReference section */
		60AD8AE8B4EA3DC3BB9DE409 /* Pods_List_Task.framework */ = {isa = PBXFileReference; explicitFileType = wrapper.framework; includeInIndex = 0; path = Pods_List_Task.framework; sourceTree = BUILT_PRODUCTS_DIR; };
		BBE80D4A92F4AAD9128D940E /* Pods-List Task.debug.xcconfig */ = {isa = PBXFileReference; includeInIndex = 1; lastKnownFileType = text.xcconfig; name = "Pods-List Task.debug.xcconfig"; path = "Target Support Files/Pods-List Task/Pods-List Task.debug.xcconfig"; sourceTree = "<group>"; };
		C226DFE72CF4B67700927856 /* TaskCell.swift */ = {isa = PBXFileReference; lastKnownFileType = sourcecode.swift; path = TaskCell.swift; sourceTree = "<group>"; };
		C262BC2D2CD654AA0046794A /* NameGroup+CoreDataProperties.swift */ = {isa = PBXFileReference; lastKnownFileType = sourcecode.swift; name = "NameGroup+CoreDataProperties.swift"; path = "CoreDataModel/NameGroup/NameGroup+CoreDataProperties.swift"; sourceTree = SOURCE_ROOT; };
		C262BC302CD8BED80046794A /* IconCollectionViewCell.swift */ = {isa = PBXFileReference; lastKnownFileType = sourcecode.swift; path = IconCollectionViewCell.swift; sourceTree = "<group>"; };
		C262BC332CD915630046794A /* NotificationUtils.swift */ = {isa = PBXFileReference; lastKnownFileType = sourcecode.swift; path = NotificationUtils.swift; sourceTree = "<group>"; };
		C262BC362CD926470046794A /* TaskViewController.swift */ = {isa = PBXFileReference; lastKnownFileType = sourcecode.swift; path = TaskViewController.swift; sourceTree = "<group>"; };
		C262BC412CDD10F50046794A /* NewTaskViewController.swift */ = {isa = PBXFileReference; lastKnownFileType = sourcecode.swift; path = NewTaskViewController.swift; sourceTree = "<group>"; };
		C262BC4C2CDF7B030046794A /* TaskList+CoreDataProperties.swift */ = {isa = PBXFileReference; lastKnownFileType = sourcecode.swift; path = "TaskList+CoreDataProperties.swift"; sourceTree = SOURCE_ROOT; };
		C2C6CF642CD3A6BA00954F4A /* List Task.app */ = {isa = PBXFileReference; explicitFileType = wrapper.application; includeInIndex = 0; path = "List Task.app"; sourceTree = BUILT_PRODUCTS_DIR; };
		C2C6CF672CD3A6BA00954F4A /* AppDelegate.swift */ = {isa = PBXFileReference; lastKnownFileType = sourcecode.swift; path = AppDelegate.swift; sourceTree = "<group>"; };
		C2C6CF692CD3A6BA00954F4A /* SceneDelegate.swift */ = {isa = PBXFileReference; lastKnownFileType = sourcecode.swift; path = SceneDelegate.swift; sourceTree = "<group>"; };
		C2C6CF6B2CD3A6BA00954F4A /* MainViewController.swift */ = {isa = PBXFileReference; lastKnownFileType = sourcecode.swift; path = MainViewController.swift; sourceTree = "<group>"; };
		C2C6CF702CD3A6BF00954F4A /* Assets.xcassets */ = {isa = PBXFileReference; lastKnownFileType = folder.assetcatalog; path = Assets.xcassets; sourceTree = "<group>"; };
		C2C6CF732CD3A6BF00954F4A /* Base */ = {isa = PBXFileReference; lastKnownFileType = file.storyboard; name = Base; path = Base.lproj/LaunchScreen.storyboard; sourceTree = "<group>"; };
		C2C6CF752CD3A6BF00954F4A /* Info.plist */ = {isa = PBXFileReference; lastKnownFileType = text.plist.xml; path = Info.plist; sourceTree = "<group>"; };
		C2C6CF7F2CD3C1D300954F4A /* SettingViewController.swift */ = {isa = PBXFileReference; lastKnownFileType = sourcecode.swift; path = SettingViewController.swift; sourceTree = "<group>"; };
		C2C6CF812CD3C77F00954F4A /* GroupCellCollection.swift */ = {isa = PBXFileReference; lastKnownFileType = sourcecode.swift; path = GroupCellCollection.swift; sourceTree = "<group>"; };
		C2C6CF862CD4C50200954F4A /* NewGroupTaskViewController.swift */ = {isa = PBXFileReference; lastKnownFileType = sourcecode.swift; path = NewGroupTaskViewController.swift; sourceTree = "<group>"; };
		C2C6CF8C2CD4F1F900954F4A /* ListTask.xcdatamodel */ = {isa = PBXFileReference; lastKnownFileType = wrapper.xcdatamodel; path = ListTask.xcdatamodel; sourceTree = "<group>"; };
		C2C6CF922CD61CA300954F4A /* PlaceholderCell.swift */ = {isa = PBXFileReference; lastKnownFileType = sourcecode.swift; path = PlaceholderCell.swift; sourceTree = "<group>"; };
		C2CB9FB42CF87F02006E7DB4 /* CoreDataManagerTaskList.swift */ = {isa = PBXFileReference; lastKnownFileType = sourcecode.swift; path = CoreDataManagerTaskList.swift; sourceTree = "<group>"; };
		C2CB9FB62CF9D14C006E7DB4 /* MainView.swift */ = {isa = PBXFileReference; lastKnownFileType = sourcecode.swift; path = MainView.swift; sourceTree = "<group>"; };
		C2CB9FB82CF9DCEE006E7DB4 /* NewGroupView.swift */ = {isa = PBXFileReference; lastKnownFileType = sourcecode.swift; path = NewGroupView.swift; sourceTree = "<group>"; };
		C2CB9FBA2CFA0395006E7DB4 /* TaskView.swift */ = {isa = PBXFileReference; lastKnownFileType = sourcecode.swift; path = TaskView.swift; sourceTree = "<group>"; };
		C2CB9FBC2CFA10F3006E7DB4 /* TaskDataProvider.swift */ = {isa = PBXFileReference; lastKnownFileType = sourcecode.swift; path = TaskDataProvider.swift; sourceTree = "<group>"; };
		C2CB9FBE2CFAF7E2006E7DB4 /* MainViewProvider.swift */ = {isa = PBXFileReference; lastKnownFileType = sourcecode.swift; path = MainViewProvider.swift; sourceTree = "<group>"; };
		C2CB9FC32CFB1859006E7DB4 /* NewTaskView.swift */ = {isa = PBXFileReference; lastKnownFileType = sourcecode.swift; path = NewTaskView.swift; sourceTree = "<group>"; };
		C2CB9FC82CFB2087006E7DB4 /* NewTaskProvider.swift */ = {isa = PBXFileReference; lastKnownFileType = sourcecode.swift; path = NewTaskProvider.swift; sourceTree = "<group>"; };
		C2E2F8022CF0CCCE00260CE7 /* CoreDataManagerNameGroup.swift */ = {isa = PBXFileReference; lastKnownFileType = sourcecode.swift; path = CoreDataManagerNameGroup.swift; sourceTree = "<group>"; };
		CA30CFBBBCD0E7FE62F4ADB1 /* Pods-List Task.release.xcconfig */ = {isa = PBXFileReference; includeInIndex = 1; lastKnownFileType = text.xcconfig; name = "Pods-List Task.release.xcconfig"; path = "Target Support Files/Pods-List Task/Pods-List Task.release.xcconfig"; sourceTree = "<group>"; };
/* End PBXFileReference section */

/* Begin PBXFrameworksBuildPhase section */
		C2C6CF612CD3A6BA00954F4A /* Frameworks */ = {
			isa = PBXFrameworksBuildPhase;
			buildActionMask = 2147483647;
			files = (
				C0509AA64F88CB9497C297E7 /* Pods_List_Task.framework in Frameworks */,
			);
			runOnlyForDeploymentPostprocessing = 0;
		};
/* End PBXFrameworksBuildPhase section */

/* Begin PBXGroup section */
		7509F6771C41965E106DA114 /* Pods */ = {
			isa = PBXGroup;
			children = (
				BBE80D4A92F4AAD9128D940E /* Pods-List Task.debug.xcconfig */,
				CA30CFBBBCD0E7FE62F4ADB1 /* Pods-List Task.release.xcconfig */,
			);
			path = Pods;
			sourceTree = "<group>";
		};
		AFDE94FB9683C077EF38415B /* Frameworks */ = {
			isa = PBXGroup;
			children = (
				60AD8AE8B4EA3DC3BB9DE409 /* Pods_List_Task.framework */,
			);
			name = Frameworks;
			sourceTree = "<group>";
		};
		C262BC322CD9153B0046794A /* Utilities */ = {
			isa = PBXGroup;
			children = (
				C262BC332CD915630046794A /* NotificationUtils.swift */,
			);
			path = Utilities;
			sourceTree = "<group>";
		};
		C262BC352CD9262B0046794A /* TaskVC */ = {
			isa = PBXGroup;
			children = (
				C2CB9FC52CFB1AE5006E7DB4 /* Model */,
				C2CB9FC62CFB1AF5006E7DB4 /* View */,
				C2CB9FC72CFB1B07006E7DB4 /* Controller */,
			);
			path = TaskVC;
			sourceTree = "<group>";
		};
		C262BC3A2CDA90640046794A /* NameGroup */ = {
			isa = PBXGroup;
			children = (
				C262BC2D2CD654AA0046794A /* NameGroup+CoreDataProperties.swift */,
			);
			path = NameGroup;
			sourceTree = "<group>";
		};
		C262BC3B2CDA90710046794A /* TaskList */ = {
			isa = PBXGroup;
			children = (
				C262BC4C2CDF7B030046794A /* TaskList+CoreDataProperties.swift */,
			);
			path = TaskList;
			sourceTree = "<group>";
		};
		C262BC402CDD10C00046794A /* NewTaskVC */ = {
			isa = PBXGroup;
			children = (
				C2CB9FCA2CFB2CD2006E7DB4 /* Model */,
				C2CB9FCB2CFB2CE0006E7DB4 /* View */,
				C2CB9FCC2CFB2CE8006E7DB4 /* Controller */,
			);
			path = NewTaskVC;
			sourceTree = "<group>";
		};
		C2C6CF5B2CD3A6BA00954F4A = {
			isa = PBXGroup;
			children = (
				C2C6CF942CD638E900954F4A /* CoreDataModel */,
				C2C6CF662CD3A6BA00954F4A /* List Task */,
				C2C6CF652CD3A6BA00954F4A /* Products */,
				7509F6771C41965E106DA114 /* Pods */,
				AFDE94FB9683C077EF38415B /* Frameworks */,
			);
			sourceTree = "<group>";
		};
		C2C6CF652CD3A6BA00954F4A /* Products */ = {
			isa = PBXGroup;
			children = (
				C2C6CF642CD3A6BA00954F4A /* List Task.app */,
			);
			name = Products;
			sourceTree = "<group>";
		};
		C2C6CF662CD3A6BA00954F4A /* List Task */ = {
			isa = PBXGroup;
			children = (
				C2C6CF7B2CD3AA5100954F4A /* MainVC */,
				C2C6CF852CD4C4DD00954F4A /* NewGroupTaskVC */,
				C262BC352CD9262B0046794A /* TaskVC */,
				C262BC402CDD10C00046794A /* NewTaskVC */,
				C2C6CF7C2CD3C1A300954F4A /* SettingVC */,
				C262BC322CD9153B0046794A /* Utilities */,
				C2C6CF672CD3A6BA00954F4A /* AppDelegate.swift */,
				C2C6CF692CD3A6BA00954F4A /* SceneDelegate.swift */,
				C2C6CF702CD3A6BF00954F4A /* Assets.xcassets */,
				C2C6CF722CD3A6BF00954F4A /* LaunchScreen.storyboard */,
				C2C6CF752CD3A6BF00954F4A /* Info.plist */,
			);
			path = "List Task";
			sourceTree = "<group>";
		};
		C2C6CF7B2CD3AA5100954F4A /* MainVC */ = {
			isa = PBXGroup;
			children = (
				C2CB9FC02CFB10E5006E7DB4 /* Model */,
				C2CB9FC12CFB10FA006E7DB4 /* View */,
				C2CB9FC22CFB111D006E7DB4 /* Controller */,
			);
			path = MainVC;
			sourceTree = "<group>";
		};
		C2C6CF7C2CD3C1A300954F4A /* SettingVC */ = {
			isa = PBXGroup;
			children = (
				C2C6CF7F2CD3C1D300954F4A /* SettingViewController.swift */,
			);
			path = SettingVC;
			sourceTree = "<group>";
		};
		C2C6CF852CD4C4DD00954F4A /* NewGroupTaskVC */ = {
			isa = PBXGroup;
			children = (
				C2C6CF862CD4C50200954F4A /* NewGroupTaskViewController.swift */,
				C2CB9FB82CF9DCEE006E7DB4 /* NewGroupView.swift */,
				C262BC302CD8BED80046794A /* IconCollectionViewCell.swift */,
			);
			path = NewGroupTaskVC;
			sourceTree = "<group>";
		};
		C2C6CF942CD638E900954F4A /* CoreDataModel */ = {
			isa = PBXGroup;
			children = (
				C2C6CF8B2CD4F1F900954F4A /* ListTask.xcdatamodeld */,
				C262BC3A2CDA90640046794A /* NameGroup */,
				C262BC3B2CDA90710046794A /* TaskList */,
			);
			path = CoreDataModel;
			sourceTree = "<group>";
		};
		C2CB9FC02CFB10E5006E7DB4 /* Model */ = {
			isa = PBXGroup;
			children = (
				C2CB9FBE2CFAF7E2006E7DB4 /* MainViewProvider.swift */,
				C2E2F8022CF0CCCE00260CE7 /* CoreDataManagerNameGroup.swift */,
			);
			path = Model;
			sourceTree = "<group>";
		};
		C2CB9FC12CFB10FA006E7DB4 /* View */ = {
			isa = PBXGroup;
			children = (
				C2CB9FB62CF9D14C006E7DB4 /* MainView.swift */,
				C2C6CF812CD3C77F00954F4A /* GroupCellCollection.swift */,
				C2C6CF922CD61CA300954F4A /* PlaceholderCell.swift */,
			);
			path = View;
			sourceTree = "<group>";
		};
		C2CB9FC22CFB111D006E7DB4 /* Controller */ = {
			isa = PBXGroup;
			children = (
				C2C6CF6B2CD3A6BA00954F4A /* MainViewController.swift */,
			);
			path = Controller;
			sourceTree = "<group>";
		};
		C2CB9FC52CFB1AE5006E7DB4 /* Model */ = {
			isa = PBXGroup;
			children = (
				C2CB9FBC2CFA10F3006E7DB4 /* TaskDataProvider.swift */,
			);
			path = Model;
			sourceTree = "<group>";
		};
		C2CB9FC62CFB1AF5006E7DB4 /* View */ = {
			isa = PBXGroup;
			children = (
				C2CB9FBA2CFA0395006E7DB4 /* TaskView.swift */,
				C226DFE72CF4B67700927856 /* TaskCell.swift */,
			);
			path = View;
			sourceTree = "<group>";
		};
		C2CB9FC72CFB1B07006E7DB4 /* Controller */ = {
			isa = PBXGroup;
			children = (
				C262BC362CD926470046794A /* TaskViewController.swift */,
			);
			path = Controller;
			sourceTree = "<group>";
		};
		C2CB9FCA2CFB2CD2006E7DB4 /* Model */ = {
			isa = PBXGroup;
			children = (
				C2CB9FB42CF87F02006E7DB4 /* CoreDataManagerTaskList.swift */,
				C2CB9FC82CFB2087006E7DB4 /* NewTaskProvider.swift */,
			);
			path = Model;
			sourceTree = "<group>";
		};
		C2CB9FCB2CFB2CE0006E7DB4 /* View */ = {
			isa = PBXGroup;
			children = (
				C2CB9FC32CFB1859006E7DB4 /* NewTaskView.swift */,
			);
			path = View;
			sourceTree = "<group>";
		};
		C2CB9FCC2CFB2CE8006E7DB4 /* Controller */ = {
			isa = PBXGroup;
			children = (
				C262BC412CDD10F50046794A /* NewTaskViewController.swift */,
			);
			path = Controller;
			sourceTree = "<group>";
		};
/* End PBXGroup section */

/* Begin PBXNativeTarget section */
		C2C6CF632CD3A6BA00954F4A /* List Task */ = {
			isa = PBXNativeTarget;
			buildConfigurationList = C2C6CF782CD3A6BF00954F4A /* Build configuration list for PBXNativeTarget "List Task" */;
			buildPhases = (
				FFD8BF652C3717654D4C861A /* [CP] Check Pods Manifest.lock */,
				C2C6CF602CD3A6BA00954F4A /* Sources */,
				C2C6CF612CD3A6BA00954F4A /* Frameworks */,
				C2C6CF622CD3A6BA00954F4A /* Resources */,
				F21A181AD7B2AAF1263A41AF /* [CP] Embed Pods Frameworks */,
			);
			buildRules = (
			);
			dependencies = (
			);
			name = "List Task";
			productName = "List Task";
			productReference = C2C6CF642CD3A6BA00954F4A /* List Task.app */;
			productType = "com.apple.product-type.application";
		};
/* End PBXNativeTarget section */

/* Begin PBXProject section */
		C2C6CF5C2CD3A6BA00954F4A /* Project object */ = {
			isa = PBXProject;
			attributes = {
				BuildIndependentTargetsInParallel = 1;
				LastSwiftUpdateCheck = 1500;
				LastUpgradeCheck = 1500;
				TargetAttributes = {
					C2C6CF632CD3A6BA00954F4A = {
						CreatedOnToolsVersion = 15.0.1;
					};
				};
			};
			buildConfigurationList = C2C6CF5F2CD3A6BA00954F4A /* Build configuration list for PBXProject "List Task" */;
			compatibilityVersion = "Xcode 14.0";
			developmentRegion = en;
			hasScannedForEncodings = 0;
			knownRegions = (
				en,
				Base,
			);
			mainGroup = C2C6CF5B2CD3A6BA00954F4A;
			productRefGroup = C2C6CF652CD3A6BA00954F4A /* Products */;
			projectDirPath = "";
			projectRoot = "";
			targets = (
				C2C6CF632CD3A6BA00954F4A /* List Task */,
			);
		};
/* End PBXProject section */

/* Begin PBXResourcesBuildPhase section */
		C2C6CF622CD3A6BA00954F4A /* Resources */ = {
			isa = PBXResourcesBuildPhase;
			buildActionMask = 2147483647;
			files = (
				C2C6CF742CD3A6BF00954F4A /* LaunchScreen.storyboard in Resources */,
				C2C6CF712CD3A6BF00954F4A /* Assets.xcassets in Resources */,
			);
			runOnlyForDeploymentPostprocessing = 0;
		};
/* End PBXResourcesBuildPhase section */

/* Begin PBXShellScriptBuildPhase section */
		F21A181AD7B2AAF1263A41AF /* [CP] Embed Pods Frameworks */ = {
			isa = PBXShellScriptBuildPhase;
			buildActionMask = 2147483647;
			files = (
			);
			inputFileListPaths = (
				"${PODS_ROOT}/Target Support Files/Pods-List Task/Pods-List Task-frameworks-${CONFIGURATION}-input-files.xcfilelist",
			);
			name = "[CP] Embed Pods Frameworks";
			outputFileListPaths = (
				"${PODS_ROOT}/Target Support Files/Pods-List Task/Pods-List Task-frameworks-${CONFIGURATION}-output-files.xcfilelist",
			);
			runOnlyForDeploymentPostprocessing = 0;
			shellPath = /bin/sh;
			shellScript = "\"${PODS_ROOT}/Target Support Files/Pods-List Task/Pods-List Task-frameworks.sh\"\n";
			showEnvVarsInLog = 0;
		};
		FFD8BF652C3717654D4C861A /* [CP] Check Pods Manifest.lock */ = {
			isa = PBXShellScriptBuildPhase;
			buildActionMask = 2147483647;
			files = (
			);
			inputFileListPaths = (
			);
			inputPaths = (
				"${PODS_PODFILE_DIR_PATH}/Podfile.lock",
				"${PODS_ROOT}/Manifest.lock",
			);
			name = "[CP] Check Pods Manifest.lock";
			outputFileListPaths = (
			);
			outputPaths = (
				"$(DERIVED_FILE_DIR)/Pods-List Task-checkManifestLockResult.txt",
			);
			runOnlyForDeploymentPostprocessing = 0;
			shellPath = /bin/sh;
			shellScript = "diff \"${PODS_PODFILE_DIR_PATH}/Podfile.lock\" \"${PODS_ROOT}/Manifest.lock\" > /dev/null\nif [ $? != 0 ] ; then\n    # print error to STDERR\n    echo \"error: The sandbox is not in sync with the Podfile.lock. Run 'pod install' or update your CocoaPods installation.\" >&2\n    exit 1\nfi\n# This output is used by Xcode 'outputs' to avoid re-running this script phase.\necho \"SUCCESS\" > \"${SCRIPT_OUTPUT_FILE_0}\"\n";
			showEnvVarsInLog = 0;
		};
/* End PBXShellScriptBuildPhase section */

/* Begin PBXSourcesBuildPhase section */
		C2C6CF602CD3A6BA00954F4A /* Sources */ = {
			isa = PBXSourcesBuildPhase;
			buildActionMask = 2147483647;
			files = (
				C2CB9FBF2CFAF7E2006E7DB4 /* MainViewProvider.swift in Sources */,
				C262BC422CDD10F50046794A /* NewTaskViewController.swift in Sources */,
				C2CB9FB72CF9D14C006E7DB4 /* MainView.swift in Sources */,
				C2CB9FC42CFB1859006E7DB4 /* NewTaskView.swift in Sources */,
				C2C6CF822CD3C77F00954F4A /* GroupCellCollection.swift in Sources */,
				C2CB9FBB2CFA0395006E7DB4 /* TaskView.swift in Sources */,
				C262BC4E2CDF7B030046794A /* TaskList+CoreDataProperties.swift in Sources */,
				C262BC312CD8BED80046794A /* IconCollectionViewCell.swift in Sources */,
				C2C6CF872CD4C50200954F4A /* NewGroupTaskViewController.swift in Sources */,
				C2E2F8032CF0CCCE00260CE7 /* CoreDataManagerNameGroup.swift in Sources */,
				C2C6CF6C2CD3A6BA00954F4A /* MainViewController.swift in Sources */,
				C2C6CF682CD3A6BA00954F4A /* AppDelegate.swift in Sources */,
				C262BC342CD915630046794A /* NotificationUtils.swift in Sources */,
				C2C6CF8D2CD4F1F900954F4A /* ListTask.xcdatamodeld in Sources */,
				C2C6CF932CD61CA400954F4A /* PlaceholderCell.swift in Sources */,
				C2C6CF6A2CD3A6BA00954F4A /* SceneDelegate.swift in Sources */,
				C2CB9FC92CFB2087006E7DB4 /* NewTaskProvider.swift in Sources */,
				C262BC2F2CD654AA0046794A /* NameGroup+CoreDataProperties.swift in Sources */,
				C226DFE82CF4B67700927856 /* TaskCell.swift in Sources */,
				C262BC372CD926470046794A /* TaskViewController.swift in Sources */,
				C2CB9FB92CF9DCEE006E7DB4 /* NewGroupView.swift in Sources */,
				C2C6CF802CD3C1D300954F4A /* SettingViewController.swift in Sources */,
				C2CB9FBD2CFA10F3006E7DB4 /* TaskDataProvider.swift in Sources */,
				C2CB9FB52CF87F02006E7DB4 /* CoreDataManagerTaskList.swift in Sources */,
			);
			runOnlyForDeploymentPostprocessing = 0;
		};
/* End PBXSourcesBuildPhase section */

/* Begin PBXVariantGroup section */
		C2C6CF722CD3A6BF00954F4A /* LaunchScreen.storyboard */ = {
			isa = PBXVariantGroup;
			children = (
				C2C6CF732CD3A6BF00954F4A /* Base */,
			);
			name = LaunchScreen.storyboard;
			sourceTree = "<group>";
		};
/* End PBXVariantGroup section */

/* Begin XCBuildConfiguration section */
		C2C6CF762CD3A6BF00954F4A /* Debug */ = {
			isa = XCBuildConfiguration;
			buildSettings = {
				ALWAYS_SEARCH_USER_PATHS = NO;
				ASSETCATALOG_COMPILER_GENERATE_SWIFT_ASSET_SYMBOL_EXTENSIONS = YES;
				CLANG_ANALYZER_NONNULL = YES;
				CLANG_ANALYZER_NUMBER_OBJECT_CONVERSION = YES_AGGRESSIVE;
				CLANG_CXX_LANGUAGE_STANDARD = "gnu++20";
				CLANG_ENABLE_MODULES = YES;
				CLANG_ENABLE_OBJC_ARC = YES;
				CLANG_ENABLE_OBJC_WEAK = YES;
				CLANG_WARN_BLOCK_CAPTURE_AUTORELEASING = YES;
				CLANG_WARN_BOOL_CONVERSION = YES;
				CLANG_WARN_COMMA = YES;
				CLANG_WARN_CONSTANT_CONVERSION = YES;
				CLANG_WARN_DEPRECATED_OBJC_IMPLEMENTATIONS = YES;
				CLANG_WARN_DIRECT_OBJC_ISA_USAGE = YES_ERROR;
				CLANG_WARN_DOCUMENTATION_COMMENTS = YES;
				CLANG_WARN_EMPTY_BODY = YES;
				CLANG_WARN_ENUM_CONVERSION = YES;
				CLANG_WARN_INFINITE_RECURSION = YES;
				CLANG_WARN_INT_CONVERSION = YES;
				CLANG_WARN_NON_LITERAL_NULL_CONVERSION = YES;
				CLANG_WARN_OBJC_IMPLICIT_RETAIN_SELF = YES;
				CLANG_WARN_OBJC_LITERAL_CONVERSION = YES;
				CLANG_WARN_OBJC_ROOT_CLASS = YES_ERROR;
				CLANG_WARN_QUOTED_INCLUDE_IN_FRAMEWORK_HEADER = YES;
				CLANG_WARN_RANGE_LOOP_ANALYSIS = YES;
				CLANG_WARN_STRICT_PROTOTYPES = YES;
				CLANG_WARN_SUSPICIOUS_MOVE = YES;
				CLANG_WARN_UNGUARDED_AVAILABILITY = YES_AGGRESSIVE;
				CLANG_WARN_UNREACHABLE_CODE = YES;
				CLANG_WARN__DUPLICATE_METHOD_MATCH = YES;
				COPY_PHASE_STRIP = NO;
				DEBUG_INFORMATION_FORMAT = dwarf;
				ENABLE_STRICT_OBJC_MSGSEND = YES;
				ENABLE_TESTABILITY = YES;
				ENABLE_USER_SCRIPT_SANDBOXING = YES;
				GCC_C_LANGUAGE_STANDARD = gnu17;
				GCC_DYNAMIC_NO_PIC = NO;
				GCC_NO_COMMON_BLOCKS = YES;
				GCC_OPTIMIZATION_LEVEL = 0;
				GCC_PREPROCESSOR_DEFINITIONS = (
					"DEBUG=1",
					"$(inherited)",
				);
				GCC_WARN_64_TO_32_BIT_CONVERSION = YES;
				GCC_WARN_ABOUT_RETURN_TYPE = YES_ERROR;
				GCC_WARN_UNDECLARED_SELECTOR = YES;
				GCC_WARN_UNINITIALIZED_AUTOS = YES_AGGRESSIVE;
				GCC_WARN_UNUSED_FUNCTION = YES;
				GCC_WARN_UNUSED_VARIABLE = YES;
				IPHONEOS_DEPLOYMENT_TARGET = 17.0;
				LOCALIZATION_PREFERS_STRING_CATALOGS = YES;
				MTL_ENABLE_DEBUG_INFO = INCLUDE_SOURCE;
				MTL_FAST_MATH = YES;
				ONLY_ACTIVE_ARCH = YES;
				SDKROOT = iphoneos;
				SWIFT_ACTIVE_COMPILATION_CONDITIONS = "DEBUG $(inherited)";
				SWIFT_OPTIMIZATION_LEVEL = "-Onone";
			};
			name = Debug;
		};
		C2C6CF772CD3A6BF00954F4A /* Release */ = {
			isa = XCBuildConfiguration;
			buildSettings = {
				ALWAYS_SEARCH_USER_PATHS = NO;
				ASSETCATALOG_COMPILER_GENERATE_SWIFT_ASSET_SYMBOL_EXTENSIONS = YES;
				CLANG_ANALYZER_NONNULL = YES;
				CLANG_ANALYZER_NUMBER_OBJECT_CONVERSION = YES_AGGRESSIVE;
				CLANG_CXX_LANGUAGE_STANDARD = "gnu++20";
				CLANG_ENABLE_MODULES = YES;
				CLANG_ENABLE_OBJC_ARC = YES;
				CLANG_ENABLE_OBJC_WEAK = YES;
				CLANG_WARN_BLOCK_CAPTURE_AUTORELEASING = YES;
				CLANG_WARN_BOOL_CONVERSION = YES;
				CLANG_WARN_COMMA = YES;
				CLANG_WARN_CONSTANT_CONVERSION = YES;
				CLANG_WARN_DEPRECATED_OBJC_IMPLEMENTATIONS = YES;
				CLANG_WARN_DIRECT_OBJC_ISA_USAGE = YES_ERROR;
				CLANG_WARN_DOCUMENTATION_COMMENTS = YES;
				CLANG_WARN_EMPTY_BODY = YES;
				CLANG_WARN_ENUM_CONVERSION = YES;
				CLANG_WARN_INFINITE_RECURSION = YES;
				CLANG_WARN_INT_CONVERSION = YES;
				CLANG_WARN_NON_LITERAL_NULL_CONVERSION = YES;
				CLANG_WARN_OBJC_IMPLICIT_RETAIN_SELF = YES;
				CLANG_WARN_OBJC_LITERAL_CONVERSION = YES;
				CLANG_WARN_OBJC_ROOT_CLASS = YES_ERROR;
				CLANG_WARN_QUOTED_INCLUDE_IN_FRAMEWORK_HEADER = YES;
				CLANG_WARN_RANGE_LOOP_ANALYSIS = YES;
				CLANG_WARN_STRICT_PROTOTYPES = YES;
				CLANG_WARN_SUSPICIOUS_MOVE = YES;
				CLANG_WARN_UNGUARDED_AVAILABILITY = YES_AGGRESSIVE;
				CLANG_WARN_UNREACHABLE_CODE = YES;
				CLANG_WARN__DUPLICATE_METHOD_MATCH = YES;
				COPY_PHASE_STRIP = NO;
				DEBUG_INFORMATION_FORMAT = "dwarf-with-dsym";
				ENABLE_NS_ASSERTIONS = NO;
				ENABLE_STRICT_OBJC_MSGSEND = YES;
				ENABLE_USER_SCRIPT_SANDBOXING = YES;
				GCC_C_LANGUAGE_STANDARD = gnu17;
				GCC_NO_COMMON_BLOCKS = YES;
				GCC_WARN_64_TO_32_BIT_CONVERSION = YES;
				GCC_WARN_ABOUT_RETURN_TYPE = YES_ERROR;
				GCC_WARN_UNDECLARED_SELECTOR = YES;
				GCC_WARN_UNINITIALIZED_AUTOS = YES_AGGRESSIVE;
				GCC_WARN_UNUSED_FUNCTION = YES;
				GCC_WARN_UNUSED_VARIABLE = YES;
				IPHONEOS_DEPLOYMENT_TARGET = 17.0;
				LOCALIZATION_PREFERS_STRING_CATALOGS = YES;
				MTL_ENABLE_DEBUG_INFO = NO;
				MTL_FAST_MATH = YES;
				SDKROOT = iphoneos;
				SWIFT_COMPILATION_MODE = wholemodule;
				VALIDATE_PRODUCT = YES;
			};
			name = Release;
		};
		C2C6CF792CD3A6BF00954F4A /* Debug */ = {
			isa = XCBuildConfiguration;
			baseConfigurationReference = BBE80D4A92F4AAD9128D940E /* Pods-List Task.debug.xcconfig */;
			buildSettings = {
				ASSETCATALOG_COMPILER_APPICON_NAME = AppIcon;
				ASSETCATALOG_COMPILER_GLOBAL_ACCENT_COLOR_NAME = AccentColor;
				CODE_SIGN_STYLE = Automatic;
				CURRENT_PROJECT_VERSION = 1;
				DEVELOPMENT_TEAM = 6QJHMJC74R;
				ENABLE_USER_SCRIPT_SANDBOXING = NO;
				GENERATE_INFOPLIST_FILE = YES;
				INFOPLIST_FILE = "List Task/Info.plist";
				INFOPLIST_KEY_UIApplicationSupportsIndirectInputEvents = YES;
				INFOPLIST_KEY_UILaunchStoryboardName = LaunchScreen;
				INFOPLIST_KEY_UISupportedInterfaceOrientations_iPad = "UIInterfaceOrientationPortrait UIInterfaceOrientationPortraitUpsideDown UIInterfaceOrientationLandscapeLeft UIInterfaceOrientationLandscapeRight";
				INFOPLIST_KEY_UISupportedInterfaceOrientations_iPhone = "UIInterfaceOrientationPortrait UIInterfaceOrientationLandscapeLeft UIInterfaceOrientationLandscapeRight";
				LD_RUNPATH_SEARCH_PATHS = (
					"$(inherited)",
					"@executable_path/Frameworks",
				);
				MARKETING_VERSION = 1.0;
				PRODUCT_BUNDLE_IDENTIFIER = "Skillbox.List-Task";
				PRODUCT_NAME = "$(TARGET_NAME)";
				SWIFT_EMIT_LOC_STRINGS = YES;
				SWIFT_VERSION = 5.0;
				TARGETED_DEVICE_FAMILY = "1,2";
			};
			name = Debug;
		};
		C2C6CF7A2CD3A6BF00954F4A /* Release */ = {
			isa = XCBuildConfiguration;
			baseConfigurationReference = CA30CFBBBCD0E7FE62F4ADB1 /* Pods-List Task.release.xcconfig */;
			buildSettings = {
				ASSETCATALOG_COMPILER_APPICON_NAME = AppIcon;
				ASSETCATALOG_COMPILER_GLOBAL_ACCENT_COLOR_NAME = AccentColor;
				CODE_SIGN_STYLE = Automatic;
				CURRENT_PROJECT_VERSION = 1;
				DEVELOPMENT_TEAM = 6QJHMJC74R;
				ENABLE_USER_SCRIPT_SANDBOXING = NO;
				GENERATE_INFOPLIST_FILE = YES;
				INFOPLIST_FILE = "List Task/Info.plist";
				INFOPLIST_KEY_UIApplicationSupportsIndirectInputEvents = YES;
				INFOPLIST_KEY_UILaunchStoryboardName = LaunchScreen;
				INFOPLIST_KEY_UISupportedInterfaceOrientations_iPad = "UIInterfaceOrientationPortrait UIInterfaceOrientationPortraitUpsideDown UIInterfaceOrientationLandscapeLeft UIInterfaceOrientationLandscapeRight";
				INFOPLIST_KEY_UISupportedInterfaceOrientations_iPhone = "UIInterfaceOrientationPortrait UIInterfaceOrientationLandscapeLeft UIInterfaceOrientationLandscapeRight";
				LD_RUNPATH_SEARCH_PATHS = (
					"$(inherited)",
					"@executable_path/Frameworks",
				);
				MARKETING_VERSION = 1.0;
				PRODUCT_BUNDLE_IDENTIFIER = "Skillbox.List-Task";
				PRODUCT_NAME = "$(TARGET_NAME)";
				SWIFT_EMIT_LOC_STRINGS = YES;
				SWIFT_VERSION = 5.0;
				TARGETED_DEVICE_FAMILY = "1,2";
			};
			name = Release;
		};
/* End XCBuildConfiguration section */

/* Begin XCConfigurationList section */
		C2C6CF5F2CD3A6BA00954F4A /* Build configuration list for PBXProject "List Task" */ = {
			isa = XCConfigurationList;
			buildConfigurations = (
				C2C6CF762CD3A6BF00954F4A /* Debug */,
				C2C6CF772CD3A6BF00954F4A /* Release */,
			);
			defaultConfigurationIsVisible = 0;
			defaultConfigurationName = Release;
		};
		C2C6CF782CD3A6BF00954F4A /* Build configuration list for PBXNativeTarget "List Task" */ = {
			isa = XCConfigurationList;
			buildConfigurations = (
				C2C6CF792CD3A6BF00954F4A /* Debug */,
				C2C6CF7A2CD3A6BF00954F4A /* Release */,
			);
			defaultConfigurationIsVisible = 0;
			defaultConfigurationName = Release;
		};
/* End XCConfigurationList section */

/* Begin XCVersionGroup section */
		C2C6CF8B2CD4F1F900954F4A /* ListTask.xcdatamodeld */ = {
			isa = XCVersionGroup;
			children = (
				C2C6CF8C2CD4F1F900954F4A /* ListTask.xcdatamodel */,
			);
			currentVersion = C2C6CF8C2CD4F1F900954F4A /* ListTask.xcdatamodel */;
			path = ListTask.xcdatamodeld;
			sourceTree = "<group>";
			versionGroupType = wrapper.xcdatamodel;
		};
/* End XCVersionGroup section */
	};
	rootObject = C2C6CF5C2CD3A6BA00954F4A /* Project object */;
}
